
Microsoft Visual Studio Solution File, Format Version 11.00
# Visual Studio 2010
Project("{8BC9CEB8-8B4A-11D0-8D11-00A0C91BC942}") = "dynamicArray", "dynamicArray\dynamicArray.vcxproj", "{CD06B560-1126-4900-8220-3A99AB4CB30D}"
EndProject
Global
	GlobalSection(SolutionConfigurationPlatforms) = preSolution
		Debug|Win32 = Debug|Win32
		Release|Win32 = Release|Win32
	EndGlobalSection
	GlobalSection(ProjectConfigurationPlatforms) = postSolution
		{CD06B560-1126-4900-8220-3A99AB4CB30D}.Debug|Win32.ActiveCfg = Debug|Win32
		{CD06B560-1126-4900-8220-3A99AB4CB30D}.Debug|Win32.Build.0 = Debug|Win32
		{CD06B560-1126-4900-8220-3A99AB4CB30D}.Release|Win32.ActiveCfg = Release|Win32
		{CD06B560-1126-4900-8220-3A99AB4CB30D}.Release|Win32.Build.0 = Release|Win32
	EndGlobalSection
	GlobalSection(SolutionProperties) = preSolution
		HideSolutionNode = FALSE
	EndGlobalSection
EndGlobal
